// !$*UTF8*$!
{
	archiveVersion = 1;
	classes = {
	};
	objectVersion = 46;
	objects = {

/* Begin PBXBuildFile section */
		9962FF7F1B01355D004BDADF /* AppDelegate.swift in Sources */ = {isa = PBXBuildFile; fileRef = 9962FF7E1B01355D004BDADF /* AppDelegate.swift */; };
		9962FF811B01355D004BDADF /* ViewController.swift in Sources */ = {isa = PBXBuildFile; fileRef = 9962FF801B01355D004BDADF /* ViewController.swift */; };
		9962FF841B01355D004BDADF /* Main.storyboard in Resources */ = {isa = PBXBuildFile; fileRef = 9962FF821B01355D004BDADF /* Main.storyboard */; };
		9962FF861B01355D004BDADF /* Images.xcassets in Resources */ = {isa = PBXBuildFile; fileRef = 9962FF851B01355D004BDADF /* Images.xcassets */; };
		9962FF891B01355D004BDADF /* LaunchScreen.xib in Resources */ = {isa = PBXBuildFile; fileRef = 9962FF871B01355D004BDADF /* LaunchScreen.xib */; };
		9962FF951B01355D004BDADF /* SBLoaderViewTests.swift in Sources */ = {isa = PBXBuildFile; fileRef = 9962FF941B01355D004BDADF /* SBLoaderViewTests.swift */; };
/* End PBXBuildFile section */

/* Begin PBXContainerItemProxy section */
		9962FF8F1B01355D004BDADF /* PBXContainerItemProxy */ = {
			isa = PBXContainerItemProxy;
			containerPortal = 9962FF711B01355D004BDADF /* Project object */;
			proxyType = 1;
			remoteGlobalIDString = 9962FF781B01355D004BDADF;
			remoteInfo = SBLoaderView;
		};
/* End PBXContainerItemProxy section */

/* Begin PBXFileReference section */
		9962FF791B01355D004BDADF /* SBLoaderView.app */ = {isa = PBXFileReference; explicitFileType = wrapper.application; includeInIndex = 0; path = SBLoaderView.app; sourceTree = BUILT_PRODUCTS_DIR; };
		9962FF7D1B01355D004BDADF /* Info.plist */ = {isa = PBXFileReference; lastKnownFileType = text.plist.xml; path = Info.plist; sourceTree = "<group>"; };
		9962FF7E1B01355D004BDADF /* AppDelegate.swift */ = {isa = PBXFileReference; lastKnownFileType = sourcecode.swift; path = AppDelegate.swift; sourceTree = "<group>"; };
		9962FF801B01355D004BDADF /* ViewController.swift */ = {isa = PBXFileReference; lastKnownFileType = sourcecode.swift; path = ViewController.swift; sourceTree = "<group>"; };
		9962FF831B01355D004BDADF /* Base */ = {isa = PBXFileReference; lastKnownFileType = file.storyboard; name = Base; path = Base.lproj/Main.storyboard; sourceTree = "<group>"; };
		9962FF851B01355D004BDADF /* Images.xcassets */ = {isa = PBXFileReference; lastKnownFileType = folder.assetcatalog; path = Images.xcassets; sourceTree = "<group>"; };
		9962FF881B01355D004BDADF /* Base */ = {isa = PBXFileReference; lastKnownFileType = file.xib; name = Base; path = Base.lproj/LaunchScreen.xib; sourceTree = "<group>"; };
		9962FF8E1B01355D004BDADF /* SBLoaderViewTests.xctest */ = {isa = PBXFileReference; explicitFileType = wrapper.cfbundle; includeInIndex = 0; path = SBLoaderViewTests.xctest; sourceTree = BUILT_PRODUCTS_DIR; };
		9962FF931B01355D004BDADF /* Info.plist */ = {isa = PBXFileReference; lastKnownFileType = text.plist.xml; path = Info.plist; sourceTree = "<group>"; };
		9962FF941B01355D004BDADF /* SBLoaderViewTests.swift */ = {isa = PBXFileReference; lastKnownFileType = sourcecode.swift; path = SBLoaderViewTests.swift; sourceTree = "<group>"; };
/* End PBXFileReference section */

/* Begin PBXFrameworksBuildPhase section */
		9962FF761B01355D004BDADF /* Frameworks */ = {
			isa = PBXFrameworksBuildPhase;
			buildActionMask = 2147483647;
			files = (
			);
			runOnlyForDeploymentPostprocessing = 0;
		};
		9962FF8B1B01355D004BDADF /* Frameworks */ = {
			isa = PBXFrameworksBuildPhase;
			buildActionMask = 2147483647;
			files = (
			);
			runOnlyForDeploymentPostprocessing = 0;
		};
/* End PBXFrameworksBuildPhase section */

/* Begin PBXGroup section */
		9962FF701B01355D004BDADF = {
			isa = PBXGroup;
			children = (
				9962FF7B1B01355D004BDADF /* SBLoaderView */,
				9962FF911B01355D004BDADF /* SBLoaderViewTests */,
				9962FF7A1B01355D004BDADF /* Products */,
			);
			sourceTree = "<group>";
		};
		9962FF7A1B01355D004BDADF /* Products */ = {
			isa = PBXGroup;
			children = (
				9962FF791B01355D004BDADF /* SBLoaderView.app */,
				9962FF8E1B01355D004BDADF /* SBLoaderViewTests.xctest */,
			);
			name = Products;
			sourceTree = "<group>";
		};
		9962FF7B1B01355D004BDADF /* SBLoaderView */ = {
			isa = PBXGroup;
			children = (
				9962FF7E1B01355D004BDADF /* AppDelegate.swift */,
				9962FF801B01355D004BDADF /* ViewController.swift */,
				9962FF821B01355D004BDADF /* Main.storyboard */,
				9962FF851B01355D004BDADF /* Images.xcassets */,
				9962FF871B01355D004BDADF /* LaunchScreen.xib */,
				9962FF7C1B01355D004BDADF /* Supporting Files */,
			);
			path = SBLoaderView;
			sourceTree = "<group>";
		};
		9962FF7C1B01355D004BDADF /* Supporting Files */ = {
			isa = PBXGroup;
			children = (
				9962FF7D1B01355D004BDADF /* Info.plist */,
			);
			name = "Supporting Files";
			sourceTree = "<group>";
		};
		9962FF911B01355D004BDADF /* SBLoaderViewTests */ = {
			isa = PBXGroup;
			children = (
				9962FF941B01355D004BDADF /* SBLoaderViewTests.swift */,
				9962FF921B01355D004BDADF /* Supporting Files */,
			);
			path = SBLoaderViewTests;
			sourceTree = "<group>";
		};
		9962FF921B01355D004BDADF /* Supporting Files */ = {
			isa = PBXGroup;
			children = (
				9962FF931B01355D004BDADF /* Info.plist */,
			);
			name = "Supporting Files";
			sourceTree = "<group>";
		};
/* End PBXGroup section */

/* Begin PBXNativeTarget section */
		9962FF781B01355D004BDADF /* SBLoaderView */ = {
			isa = PBXNativeTarget;
			buildConfigurationList = 9962FF981B01355D004BDADF /* Build configuration list for PBXNativeTarget "SBLoaderView" */;
			buildPhases = (
				9962FF751B01355D004BDADF /* Sources */,
				9962FF761B01355D004BDADF /* Frameworks */,
				9962FF771B01355D004BDADF /* Resources */,
			);
			buildRules = (
			);
			dependencies = (
			);
			name = SBLoaderView;
			productName = SBLoaderView;
			productReference = 9962FF791B01355D004BDADF /* SBLoaderView.app */;
			productType = "com.apple.product-type.application";
		};
		9962FF8D1B01355D004BDADF /* SBLoaderViewTests */ = {
			isa = PBXNativeTarget;
			buildConfigurationList = 9962FF9B1B01355D004BDADF /* Build configuration list for PBXNativeTarget "SBLoaderViewTests" */;
			buildPhases = (
				9962FF8A1B01355D004BDADF /* Sources */,
				9962FF8B1B01355D004BDADF /* Frameworks */,
				9962FF8C1B01355D004BDADF /* Resources */,
			);
			buildRules = (
			);
			dependencies = (
				9962FF901B01355D004BDADF /* PBXTargetDependency */,
			);
			name = SBLoaderViewTests;
			productName = SBLoaderViewTests;
			productReference = 9962FF8E1B01355D004BDADF /* SBLoaderViewTests.xctest */;
			productType = "com.apple.product-type.bundle.unit-test";
		};
/* End PBXNativeTarget section */

/* Begin PBXProject section */
		9962FF711B01355D004BDADF /* Project object */ = {
			isa = PBXProject;
			attributes = {
				LastUpgradeCheck = 0630;
				ORGANIZATIONNAME = SB;
				TargetAttributes = {
					9962FF781B01355D004BDADF = {
						CreatedOnToolsVersion = 6.3.1;
					};
					9962FF8D1B01355D004BDADF = {
						CreatedOnToolsVersion = 6.3.1;
						TestTargetID = 9962FF781B01355D004BDADF;
					};
				};
			};
			buildConfigurationList = 9962FF741B01355D004BDADF /* Build configuration list for PBXProject "SBLoaderView" */;
			compatibilityVersion = "Xcode 3.2";
			developmentRegion = English;
			hasScannedForEncodings = 0;
			knownRegions = (
				en,
				Base,
			);
			mainGroup = 9962FF701B01355D004BDADF;
			productRefGroup = 9962FF7A1B01355D004BDADF /* Products */;
			projectDirPath = "";
			projectRoot = "";
			targets = (
				9962FF781B01355D004BDADF /* SBLoaderView */,
				9962FF8D1B01355D004BDADF /* SBLoaderViewTests */,
			);
		};
/* End PBXProject section */

/* Begin PBXResourcesBuildPhase section */
		9962FF771B01355D004BDADF /* Resources */ = {
			isa = PBXResourcesBuildPhase;
			buildActionMask = 2147483647;
			files = (
				9962FF841B01355D004BDADF /* Main.storyboard in Resources */,
				9962FF891B01355D004BDADF /* LaunchScreen.xib in Resources */,
				9962FF861B01355D004BDADF /* Images.xcassets in Resources */,
			);
			runOnlyForDeploymentPostprocessing = 0;
		};
		9962FF8C1B01355D004BDADF /* Resources */ = {
			isa = PBXResourcesBuildPhase;
			buildActionMask = 2147483647;
			files = (
			);
			runOnlyForDeploymentPostprocessing = 0;
		};
/* End PBXResourcesBuildPhase section */

/* Begin PBXSourcesBuildPhase section */
		9962FF751B01355D004BDADF /* Sources */ = {
			isa = PBXSourcesBuildPhase;
			buildActionMask = 2147483647;
			files = (
				9962FF811B01355D004BDADF /* ViewController.swift in Sources */,
				9962FF7F1B01355D004BDADF /* AppDelegate.swift in Sources */,
			);
			runOnlyForDeploymentPostprocessing = 0;
		};
		9962FF8A1B01355D004BDADF /* Sources */ = {
			isa = PBXSourcesBuildPhase;
			buildActionMask = 2147483647;
			files = (
				9962FF951B01355D004BDADF /* SBLoaderViewTests.swift in Sources */,
			);
			runOnlyForDeploymentPostprocessing = 0;
		};
/* End PBXSourcesBuildPhase section */

/* Begin PBXTargetDependency section */
		9962FF901B01355D004BDADF /* PBXTargetDependency */ = {
			isa = PBXTargetDependency;
			target = 9962FF781B01355D004BDADF /* SBLoaderView */;
			targetProxy = 9962FF8F1B01355D004BDADF /* PBXContainerItemProxy */;
		};
/* End PBXTargetDependency section */

/* Begin PBXVariantGroup section */
		9962FF821B01355D004BDADF /* Main.storyboard */ = {
			isa = PBXVariantGroup;
			children = (
				9962FF831B01355D004BDADF /* Base */,
			);
			name = Main.storyboard;
			sourceTree = "<group>";
		};
		9962FF871B01355D004BDADF /* LaunchScreen.xib */ = {
			isa = PBXVariantGroup;
			children = (
				9962FF881B01355D004BDADF /* Base */,
			);
			name = LaunchScreen.xib;
			sourceTree = "<group>";
		};
/* End PBXVariantGroup section */

/* Begin XCBuildConfiguration section */
		9962FF961B01355D004BDADF /* Debug */ = {
			isa = XCBuildConfiguration;
			buildSettings = {
				ALWAYS_SEARCH_USER_PATHS = NO;
				CLANG_CXX_LANGUAGE_STANDARD = "gnu++0x";
				CLANG_CXX_LIBRARY = "libc++";
				CLANG_ENABLE_MODULES = YES;
				CLANG_ENABLE_OBJC_ARC = YES;
				CLANG_WARN_BOOL_CONVERSION = YES;
				CLANG_WARN_CONSTANT_CONVERSION = YES;
				CLANG_WARN_DIRECT_OBJC_ISA_USAGE = YES_ERROR;
				CLANG_WARN_EMPTY_BODY = YES;
				CLANG_WARN_ENUM_CONVERSION = YES;
				CLANG_WARN_INT_CONVERSION = YES;
				CLANG_WARN_OBJC_ROOT_CLASS = YES_ERROR;
				CLANG_WARN_UNREACHABLE_CODE = YES;
				CLANG_WARN__DUPLICATE_METHOD_MATCH = YES;
				"CODE_SIGN_IDENTITY[sdk=iphoneos*]" = "iPhone Developer";
				COPY_PHASE_STRIP = NO;
				DEBUG_INFORMATION_FORMAT = "dwarf-with-dsym";
				ENABLE_STRICT_OBJC_MSGSEND = YES;
				GCC_C_LANGUAGE_STANDARD = gnu99;
				GCC_DYNAMIC_NO_PIC = NO;
				GCC_NO_COMMON_BLOCKS = YES;
				GCC_OPTIMIZATION_LEVEL = 0;
				GCC_PREPROCESSOR_DEFINITIONS = (
					"DEBUG=1",
					"$(inherited)",
				);
				GCC_SYMBOLS_PRIVATE_EXTERN = NO;
				GCC_WARN_64_TO_32_BIT_CONVERSION = YES;
				GCC_WARN_ABOUT_RETURN_TYPE = YES_ERROR;
				GCC_WARN_UNDECLARED_SELECTOR = YES;
				GCC_WARN_UNINITIALIZED_AUTOS = YES_AGGRESSIVE;
				GCC_WARN_UNUSED_FUNCTION = YES;
				GCC_WARN_UNUSED_VARIABLE = YES;
				IPHONEOS_DEPLOYMENT_TARGET = 8.3;
				MTL_ENABLE_DEBUG_INFO = YES;
				ONLY_ACTIVE_ARCH = YES;
				SDKROOT = iphoneos;
				SWIFT_OPTIMIZATION_LEVEL = "-Onone";
				TARGETED_DEVICE_FAMILY = "1,2";
			};
			name = Debug;
		};
		9962FF971B01355D004BDADF /* Release */ = {
			isa = XCBuildConfiguration;
			buildSettings = {
				ALWAYS_SEARCH_USER_PATHS = NO;
				CLANG_CXX_LANGUAGE_STANDARD = "gnu++0x";
				CLANG_CXX_LIBRARY = "libc++";
				CLANG_ENABLE_MODULES = YES;
				CLANG_ENABLE_OBJC_ARC = YES;
				CLANG_WARN_BOOL_CONVERSION = YES;
				CLANG_WARN_CONSTANT_CONVERSION = YES;
				CLANG_WARN_DIRECT_OBJC_ISA_USAGE = YES_ERROR;
				CLANG_WARN_EMPTY_BODY = YES;
				CLANG_WARN_ENUM_CONVERSION = YES;
				CLANG_WARN_INT_CONVERSION = YES;
				CLANG_WARN_OBJC_ROOT_CLASS = YES_ERROR;
				CLANG_WARN_UNREACHABLE_CODE = YES;
				CLANG_WARN__DUPLICATE_METHOD_MATCH = YES;
				"CODE_SIGN_IDENTITY[sdk=iphoneos*]" = "iPhone Developer";
				COPY_PHASE_STRIP = NO;
				DEBUG_INFORMATION_FORMAT = "dwarf-with-dsym";
				ENABLE_NS_ASSERTIONS = NO;
				ENABLE_STRICT_OBJC_MSGSEND = YES;
				GCC_C_LANGUAGE_STANDARD = gnu99;
				GCC_NO_COMMON_BLOCKS = YES;
				GCC_WARN_64_TO_32_BIT_CONVERSION = YES;
				GCC_WARN_ABOUT_RETURN_TYPE = YES_ERROR;
				GCC_WARN_UNDECLARED_SELECTOR = YES;
				GCC_WARN_UNINITIALIZED_AUTOS = YES_AGGRESSIVE;
				GCC_WARN_UNUSED_FUNCTION = YES;
				GCC_WARN_UNUSED_VARIABLE = YES;
				IPHONEOS_DEPLOYMENT_TARGET = 8.3;
				MTL_ENABLE_DEBUG_INFO = NO;
				SDKROOT = iphoneos;
				TARGETED_DEVICE_FAMILY = "1,2";
				VALIDATE_PRODUCT = YES;
			};
			name = Release;
		};
		9962FF991B01355D004BDADF /* Debug */ = {
			isa = XCBuildConfiguration;
			buildSettings = {
				ASSETCATALOG_COMPILER_APPICON_NAME = AppIcon;
				INFOPLIST_FILE = SBLoaderView/Info.plist;
				LD_RUNPATH_SEARCH_PATHS = "$(inherited) @executable_path/Frameworks";
				PRODUCT_NAME = "$(TARGET_NAME)";
			};
			name = Debug;
		};
		9962FF9A1B01355D004BDADF /* Release */ = {
			isa = XCBuildConfiguration;
			buildSettings = {
				ASSETCATALOG_COMPILER_APPICON_NAME = AppIcon;
				INFOPLIST_FILE = SBLoaderView/Info.plist;
				LD_RUNPATH_SEARCH_PATHS = "$(inherited) @executable_path/Frameworks";
				PRODUCT_NAME = "$(TARGET_NAME)";
			};
			name = Release;
		};
		9962FF9C1B01355D004BDADF /* Debug */ = {
			isa = XCBuildConfiguration;
			buildSettings = {
				BUNDLE_LOADER = "$(TEST_HOST)";
				FRAMEWORK_SEARCH_PATHS = (
					"$(SDKROOT)/Developer/Library/Frameworks",
					"$(inherited)",
				);
				GCC_PREPROCESSOR_DEFINITIONS = (
					"DEBUG=1",
					"$(inherited)",
				);
				INFOPLIST_FILE = SBLoaderViewTests/Info.plist;
				LD_RUNPATH_SEARCH_PATHS = "$(inherited) @executable_path/Frameworks @loader_path/Frameworks";
				PRODUCT_NAME = "$(TARGET_NAME)";
				TEST_HOST = "$(BUILT_PRODUCTS_DIR)/SBLoaderView.app/SBLoaderView";
			};
			name = Debug;
		};
		9962FF9D1B01355D004BDADF /* Release */ = {
			isa = XCBuildConfiguration;
			buildSettings = {
				BUNDLE_LOADER = "$(TEST_HOST)";
				FRAMEWORK_SEARCH_PATHS = (
					"$(SDKROOT)/Developer/Library/Frameworks",
					"$(inherited)",
				);
				INFOPLIST_FILE = SBLoaderViewTests/Info.plist;
				LD_RUNPATH_SEARCH_PATHS = "$(inherited) @executable_path/Frameworks @loader_path/Frameworks";
				PRODUCT_NAME = "$(TARGET_NAME)";
				TEST_HOST = "$(BUILT_PRODUCTS_DIR)/SBLoaderView.app/SBLoaderView";
			};
			name = Release;
		};
/* End XCBuildConfiguration section */

/* Begin XCConfigurationList section */
		9962FF741B01355D004BDADF /* Build configuration list for PBXProject "SBLoaderView" */ = {
			isa = XCConfigurationList;
			buildConfigurations = (
				9962FF961B01355D004BDADF /* Debug */,
				9962FF971B01355D004BDADF /* Release */,
			);
			defaultConfigurationIsVisible = 0;
			defaultConfigurationName = Release;
		};
		9962FF981B01355D004BDADF /* Build configuration list for PBXNativeTarget "SBLoaderView" */ = {
			isa = XCConfigurationList;
			buildConfigurations = (
				9962FF991B01355D004BDADF /* Debug */,
				9962FF9A1B01355D004BDADF /* Release */,
			);
			defaultConfigurationIsVisible = 0;
		};
		9962FF9B1B01355D004BDADF /* Build configuration list for PBXNativeTarget "SBLoaderViewTests" */ = {
			isa = XCConfigurationList;
			buildConfigurations = (
				9962FF9C1B01355D004BDADF /* Debug */,
				9962FF9D1B01355D004BDADF /* Release */,
			);
			defaultConfigurationIsVisible = 0;
		};
/* End XCConfigurationList section */
	};
	rootObject = 9962FF711B01355D004BDADF /* Project object */;
}
